{
  "schema_version": "2",
  "document": "lock",
  "project": "b3efde19-438b-4325-bf94-fae56bf1d458",
  "note": "Written by CI when a release tag is pushed: what each published release's archive contains. Do not edit.",
  "releases": [
    {
      "version": "0.1.0",
      "locked_from": "18d8261b4c0096b4de45e804b366fe85ddd47042",
      "artifacts": [
        {
          "id": "windows-x64",
          "format": "binary",
          "filename": "dream-ini-Windows-X64.zip",
          "media_type": "application/zip",
          "size": 3874490,
          "digests": {
            "sha256": "11bb22262593b51f647c7fa0a508f744dbe1bc7f26f2a050ad60f2f150d3ea62"
          },
          "platform": {
            "os": "windows",
            "arch": "x86_64"
          }
        },
        {
          "id": "macos-arm64",
          "format": "binary",
          "filename": "dream-ini-macOS-ARM64.zip",
          "media_type": "application/zip",
          "size": 3867424,
          "digests": {
            "sha256": "9cfe3c06fd55679d3de84ad064a8482092044b049530a75e6e2e9bf08a393e86"
          },
          "platform": {
            "os": "macos",
            "arch": "aarch64"
          }
        },
        {
          "id": "macos-x64",
          "format": "binary",
          "filename": "dream-ini-macOS-X64.zip",
          "media_type": "application/zip",
          "size": 4036259,
          "digests": {
            "sha256": "39a56af1fc98d2758b0ee9d911f2cc74742ca144700943e97e29a97ef8de6258"
          },
          "platform": {
            "os": "macos",
            "arch": "x86_64"
          }
        },
        {
          "id": "linux-x64",
          "format": "binary",
          "filename": "dream-ini-Linux-X64.zip",
          "media_type": "application/zip",
          "size": 5383669,
          "digests": {
            "sha256": "ca31c619c10797383d5b57661e6bbf50fd3c6f9c6e18b6032392069fc703deb2"
          },
          "platform": {
            "os": "linux",
            "arch": "x86_64"
          }
        },
        {
          "id": "android-arm64",
          "format": "binary",
          "filename": "dream-ini-Android-ARM64.zip",
          "media_type": "application/zip",
          "size": 844146,
          "digests": {
            "sha256": "f35c4d8c90bab7124eef9d1f15b6685fb359c3cae953073468766153a222c32e"
          },
          "platform": {
            "os": "android",
            "arch": "aarch64"
          }
        },
        {
          "id": "linux-arm64-portmaster",
          "format": "binary",
          "filename": "dream-ini-Portmaster-ARM64.zip",
          "media_type": "application/zip",
          "size": 3137143,
          "digests": {
            "sha256": "c23028bc7339900e056f2558c3528ea7f63f0ffa949bae813ec453db69323251"
          },
          "platform": {
            "os": "linux",
            "arch": "aarch64",
            "variant": "portmaster"
          }
        },
        {
          "id": "linux-arm64-muos",
          "format": "binary",
          "filename": "dream-ini-Portmaster-ARM64.muxapp",
          "media_type": "application/zip",
          "size": 3221312,
          "digests": {
            "sha256": "2ea1044e76723550f5c469268149587d4ee0ae6e0b2220e28acc41df47b9a0d4"
          },
          "platform": {
            "os": "linux",
            "arch": "aarch64",
            "variant": "muos"
          }
        }
      ],
      "runtimes": {},
      "platforms": [
        {
          "os": "windows",
          "arch": "x86_64"
        },
        {
          "os": "macos",
          "arch": "aarch64"
        },
        {
          "os": "macos",
          "arch": "x86_64"
        },
        {
          "os": "linux",
          "arch": "x86_64"
        }
      ],
      "provides": [],
      "relationships": [],
      "components": [
        {
          "id": "main",
          "name": "dream-ini",
          "path": ".",
          "required": true,
          "default": true,
          "requires": [],
          "conflicts": [],
          "suggested_with": []
        }
      ],
      "groups": [],
      "extensions": {},
      "critical_extensions": []
    },
    {
      "version": "0.2.0",
      "locked_from": "83c20b6bfc725dd974b3e92f0a658a3303bf764d",
      "artifacts": [
        {
          "id": "windows-x64",
          "format": "binary",
          "filename": "dream-ini-Windows-X64.zip",
          "media_type": "application/zip",
          "size": 3865335,
          "digests": {
            "sha256": "f580cf3e66873f10b4290bd55cd06158aa32144ed74c65afd738d574e0a0a4cc"
          },
          "platform": {
            "os": "windows",
            "arch": "x86_64"
          }
        },
        {
          "id": "macos-arm64",
          "format": "binary",
          "filename": "dream-ini-macOS-ARM64.zip",
          "media_type": "application/zip",
          "size": 3860193,
          "digests": {
            "sha256": "852072c5eae577ccc70c0973cf87fdd5ccfea3f1a894d737069e2d61c4e16772"
          },
          "platform": {
            "os": "macos",
            "arch": "aarch64"
          }
        },
        {
          "id": "macos-x64",
          "format": "binary",
          "filename": "dream-ini-macOS-X64.zip",
          "media_type": "application/zip",
          "size": 4028606,
          "digests": {
            "sha256": "e76061b1ef3e53aed5237a52801f6bb23bed9837df1ea4064430d9c6e0232f7c"
          },
          "platform": {
            "os": "macos",
            "arch": "x86_64"
          }
        },
        {
          "id": "linux-x64",
          "format": "binary",
          "filename": "dream-ini-Linux-X64.zip",
          "media_type": "application/zip",
          "size": 5377537,
          "digests": {
            "sha256": "be1b5a11bb5ca6b585c947718b38d914176ddb20e79ddc5b3bfbfee29d00393f"
          },
          "platform": {
            "os": "linux",
            "arch": "x86_64"
          }
        },
        {
          "id": "android-arm64",
          "format": "binary",
          "filename": "dream-ini-Android-ARM64.zip",
          "media_type": "application/zip",
          "size": 837289,
          "digests": {
            "sha256": "0123e4d26152e52728aa64d751b4d9bb337f763ae8f81691deafdc9e656fce24"
          },
          "platform": {
            "os": "android",
            "arch": "aarch64"
          }
        },
        {
          "id": "linux-arm64-portmaster",
          "format": "binary",
          "filename": "dream-ini-Portmaster-ARM64.zip",
          "media_type": "application/zip",
          "size": 3133387,
          "digests": {
            "sha256": "7f0f1615f2c8692192fc913f7e73a6558fd99ef954c7b576135242650305d640"
          },
          "platform": {
            "os": "linux",
            "arch": "aarch64",
            "variant": "portmaster"
          }
        },
        {
          "id": "linux-arm64-muos",
          "format": "binary",
          "filename": "dream-ini-Portmaster-ARM64.muxapp",
          "media_type": "application/zip",
          "size": 3216714,
          "digests": {
            "sha256": "fe983aa089aad0d634e91bf203da479972d507b09bada0ce55d769079e7f120f"
          },
          "platform": {
            "os": "linux",
            "arch": "aarch64",
            "variant": "muos"
          }
        }
      ],
      "runtimes": {},
      "platforms": [
        {
          "os": "windows",
          "arch": "x86_64"
        },
        {
          "os": "macos",
          "arch": "aarch64"
        },
        {
          "os": "macos",
          "arch": "x86_64"
        },
        {
          "os": "linux",
          "arch": "x86_64"
        }
      ],
      "provides": [],
      "relationships": [],
      "components": [
        {
          "id": "main",
          "name": "dream-ini",
          "path": ".",
          "required": true,
          "default": true,
          "requires": [],
          "conflicts": [],
          "suggested_with": []
        }
      ],
      "groups": [],
      "extensions": {},
      "critical_extensions": []
    },
    {
      "version": "0.3.1",
      "locked_from": "390483d142c533767b2754c8f7a754735f927fea",
      "artifacts": [
        {
          "id": "windows-x64",
          "format": "binary",
          "filename": "dream-ini-Windows-X64.zip",
          "media_type": "application/zip",
          "size": 3862436,
          "digests": {
            "sha256": "8d59d3a21b0daa2ac7f0cddea2c8a1523d073046daa3ace70c84bddf69525cfd"
          },
          "platform": {
            "os": "windows",
            "arch": "x86_64"
          }
        },
        {
          "id": "macos-arm64",
          "format": "binary",
          "filename": "dream-ini-macOS-ARM64.zip",
          "media_type": "application/zip",
          "size": 3790205,
          "digests": {
            "sha256": "2a926c34fff6233b9192742067180bf4d64dfa9352e86df2a6e4da2cbf1fd988"
          },
          "platform": {
            "os": "macos",
            "arch": "aarch64"
          }
        },
        {
          "id": "macos-x64",
          "format": "binary",
          "filename": "dream-ini-macOS-X64.zip",
          "media_type": "application/zip",
          "size": 3948600,
          "digests": {
            "sha256": "1aa68cc03f103cb16bd6b87f067b2a6378fae869e7884cc4f5473f8c112d09b1"
          },
          "platform": {
            "os": "macos",
            "arch": "x86_64"
          }
        },
        {
          "id": "linux-x64",
          "format": "binary",
          "filename": "dream-ini-Linux-X64.zip",
          "media_type": "application/zip",
          "size": 5349341,
          "digests": {
            "sha256": "d07a09238fa3c74d301150e5baa6c0b580565ce4195a536f8135d68df20ee328"
          },
          "platform": {
            "os": "linux",
            "arch": "x86_64"
          }
        },
        {
          "id": "android-arm64",
          "format": "binary",
          "filename": "dream-ini-Android-ARM64.zip",
          "media_type": "application/zip",
          "size": 830254,
          "digests": {
            "sha256": "01136d67e0178927c42957eb729c4bce40d900de567651f74f5fc3f0b5a6efda"
          },
          "platform": {
            "os": "android",
            "arch": "aarch64"
          }
        },
        {
          "id": "linux-arm64-portmaster",
          "format": "binary",
          "filename": "dream-ini-Portmaster-ARM64.zip",
          "media_type": "application/zip",
          "size": 3120055,
          "digests": {
            "sha256": "2b8c9f795b40517618a7475fb8742609340dac8ea9067c9bee291fc1162e7955"
          },
          "platform": {
            "os": "linux",
            "arch": "aarch64",
            "variant": "portmaster"
          }
        },
        {
          "id": "linux-arm64-muos",
          "format": "binary",
          "filename": "dream-ini-Portmaster-ARM64.muxapp",
          "media_type": "application/zip",
          "size": 3198280,
          "digests": {
            "sha256": "54b96d85a32c13dc9fb9061f11208a42734c18e0c5110d9f5c1c781c7466c6e4"
          },
          "platform": {
            "os": "linux",
            "arch": "aarch64",
            "variant": "muos"
          }
        }
      ],
      "runtimes": {},
      "platforms": [
        {
          "os": "windows",
          "arch": "x86_64"
        },
        {
          "os": "macos",
          "arch": "aarch64"
        },
        {
          "os": "macos",
          "arch": "x86_64"
        },
        {
          "os": "linux",
          "arch": "x86_64"
        }
      ],
      "provides": [],
      "relationships": [],
      "components": [
        {
          "id": "main",
          "name": "dream-ini",
          "path": ".",
          "required": true,
          "default": true,
          "requires": [],
          "conflicts": [],
          "suggested_with": []
        }
      ],
      "groups": [],
      "extensions": {},
      "critical_extensions": []
    },
    {
      "version": "1.0.0",
      "locked_from": "cd24b42bfe878e47ee9f44714e2b89517a4e848b",
      "artifacts": [
        {
          "id": "windows-x64",
          "format": "binary",
          "filename": "dream-ini-Windows-X64.zip",
          "media_type": "application/zip",
          "size": 3750216,
          "digests": {
            "sha256": "fb775320d3bd2d3fda03de26e0fb655d7ae2fc78468f849697f24e0325e19773"
          },
          "platform": {
            "os": "windows",
            "arch": "x86_64"
          }
        },
        {
          "id": "macos-arm64",
          "format": "binary",
          "filename": "dream-ini-macOS-ARM64.zip",
          "media_type": "application/zip",
          "size": 3953081,
          "digests": {
            "sha256": "d980b53c483a68aa7f37407c6beb20c829b15f1de0b4051ca32cfee260454496"
          },
          "platform": {
            "os": "macos",
            "arch": "aarch64"
          }
        },
        {
          "id": "macos-x64",
          "format": "binary",
          "filename": "dream-ini-macOS-X64.zip",
          "media_type": "application/zip",
          "size": 4135847,
          "digests": {
            "sha256": "5956f93173561fc112fe52139160a584f77f3c4b83f8dd9017a531c1819c53ec"
          },
          "platform": {
            "os": "macos",
            "arch": "x86_64"
          }
        },
        {
          "id": "linux-x64",
          "format": "binary",
          "filename": "dream-ini-Linux-X64.zip",
          "media_type": "application/zip",
          "size": 5406331,
          "digests": {
            "sha256": "a4ac97ee62eaeed2a3f0181d03aa8b2dae139837b78befd53398eceef29c40f7"
          },
          "platform": {
            "os": "linux",
            "arch": "x86_64"
          }
        },
        {
          "id": "android-arm64",
          "format": "binary",
          "filename": "dream-ini-Android-ARM64.zip",
          "media_type": "application/zip",
          "size": 832255,
          "digests": {
            "sha256": "a9682f2779e2dc78beb445325629a3d4c43f728f0a26e051de46877ed193740a"
          },
          "platform": {
            "os": "android",
            "arch": "aarch64"
          }
        },
        {
          "id": "linux-arm64-portmaster",
          "format": "binary",
          "filename": "dream-ini-Portmaster-ARM64.zip",
          "media_type": "application/zip",
          "size": 3222341,
          "digests": {
            "sha256": "072eb3199478a44a062790bfc49f98105e231785b021c2974fde7de979d8e7e5"
          },
          "platform": {
            "os": "linux",
            "arch": "aarch64",
            "variant": "portmaster"
          }
        },
        {
          "id": "linux-arm64-muos",
          "format": "binary",
          "filename": "dream-ini-Portmaster-ARM64.muxapp",
          "media_type": "application/zip",
          "size": 3296919,
          "digests": {
            "sha256": "b4c1566b519d12c45b8b85895c60e781a00366b6b174e675025c6bc1bc759fbb"
          },
          "platform": {
            "os": "linux",
            "arch": "aarch64",
            "variant": "muos"
          }
        }
      ],
      "runtimes": {},
      "platforms": [
        {
          "os": "windows",
          "arch": "x86_64"
        },
        {
          "os": "macos",
          "arch": "aarch64"
        },
        {
          "os": "macos",
          "arch": "x86_64"
        },
        {
          "os": "linux",
          "arch": "x86_64"
        }
      ],
      "provides": [],
      "relationships": [],
      "components": [
        {
          "id": "main",
          "name": "dream-ini",
          "path": ".",
          "required": true,
          "default": true,
          "requires": [],
          "conflicts": [],
          "suggested_with": []
        }
      ],
      "groups": [],
      "extensions": {},
      "critical_extensions": []
    },
    {
      "version": "1.0.1",
      "locked_from": "df119713d8e9c71ed749d7a2f4ee9ac9d2d9be27",
      "artifacts": [
        {
          "id": "windows-x64",
          "format": "binary",
          "filename": "dream-ini-Windows-X64.zip",
          "media_type": "application/zip",
          "size": 3750033,
          "digests": {
            "sha256": "eac21a9b069a611f23ed010983e6212409812fbf33b4e8f06856a095ad8ee63e"
          },
          "platform": {
            "os": "windows",
            "arch": "x86_64"
          }
        },
        {
          "id": "macos-arm64",
          "format": "binary",
          "filename": "dream-ini-macOS-ARM64.zip",
          "media_type": "application/zip",
          "size": 3952600,
          "digests": {
            "sha256": "b1fe72936bc92f3eebd404cca8ba493486b3ad1c7517cd6d6a301293e3fd3ce8"
          },
          "platform": {
            "os": "macos",
            "arch": "aarch64"
          }
        },
        {
          "id": "macos-x64",
          "format": "binary",
          "filename": "dream-ini-macOS-X64.zip",
          "media_type": "application/zip",
          "size": 4135566,
          "digests": {
            "sha256": "8209df5bc1aef8ce074574ff322efe39e8e1e9068091b2e834637b6d988a80a1"
          },
          "platform": {
            "os": "macos",
            "arch": "x86_64"
          }
        },
        {
          "id": "linux-x64",
          "format": "binary",
          "filename": "dream-ini-Linux-X64.zip",
          "media_type": "application/zip",
          "size": 5401529,
          "digests": {
            "sha256": "e9bc6c0d59b395982d9fb24cab22d4f6ca1292333b3f38c27c3ff04635a69c3d"
          },
          "platform": {
            "os": "linux",
            "arch": "x86_64"
          }
        },
        {
          "id": "android-arm64",
          "format": "binary",
          "filename": "dream-ini-Android-ARM64.zip",
          "media_type": "application/zip",
          "size": 832499,
          "digests": {
            "sha256": "7e9e69c3ec96d02282204339e9c248cc3944b2068825684ac916a1f86d5c9025"
          },
          "platform": {
            "os": "android",
            "arch": "aarch64"
          }
        },
        {
          "id": "linux-arm64-portmaster",
          "format": "binary",
          "filename": "dream-ini-Portmaster-ARM64.zip",
          "media_type": "application/zip",
          "size": 3221615,
          "digests": {
            "sha256": "face7fc6e24c80fdaae9a2c447c92e574618a36f59325cc1696888c08e7fc14e"
          },
          "platform": {
            "os": "linux",
            "arch": "aarch64",
            "variant": "portmaster"
          }
        },
        {
          "id": "linux-arm64-muos",
          "format": "binary",
          "filename": "dream-ini-Portmaster-ARM64.muxapp",
          "media_type": "application/zip",
          "size": 3296875,
          "digests": {
            "sha256": "94dca5abe1b1e0f50fd12c25197e74fbc79569211d0babe62d9804818a1d35e0"
          },
          "platform": {
            "os": "linux",
            "arch": "aarch64",
            "variant": "muos"
          }
        }
      ],
      "runtimes": {},
      "platforms": [
        {
          "os": "windows",
          "arch": "x86_64"
        },
        {
          "os": "macos",
          "arch": "aarch64"
        },
        {
          "os": "macos",
          "arch": "x86_64"
        },
        {
          "os": "linux",
          "arch": "x86_64"
        }
      ],
      "provides": [],
      "relationships": [],
      "components": [
        {
          "id": "main",
          "name": "dream-ini",
          "path": ".",
          "required": true,
          "default": true,
          "requires": [],
          "conflicts": [],
          "suggested_with": []
        }
      ],
      "groups": [],
      "extensions": {},
      "critical_extensions": []
    }
  ]
}
